
Microsoft Visual Studio Solution File, Format Version 12.00
# Visual Studio 15
Project("{FAE04EC0-301F-11D3-BF4B-00C04F79EFBC}") = "Assembly-CSharp", "Assembly-CSharp.csproj", "{F0D1A213-5595-E3F1-6654-CA89B2869171}"
EndProject
Project("{FAE04EC0-301F-11D3-BF4B-00C04F79EFBC}") = "Assembly-CSharp-Editor", "Assembly-CSharp-Editor.csproj", "{DCBB0E1C-02C5-E779-F7B3-97FF6E8EA828}"
EndProject
Global
	GlobalSection(SolutionConfigurationPlatforms) = preSolution
		Debug|Any CPU = Debug|Any CPU
		Release|Any CPU = Release|Any CPU
	EndGlobalSection
	GlobalSection(ProjectConfigurationPlatforms) = postSolution
		{F0D1A213-5595-E3F1-6654-CA89B2869171}.Debug|Any CPU.ActiveCfg = Debug|Any CPU
		{F0D1A213-5595-E3F1-6654-CA89B2869171}.Debug|Any CPU.Build.0 = Debug|Any CPU
		{F0D1A213-5595-E3F1-6654-CA89B2869171}.Release|Any CPU.ActiveCfg = Release|Any CPU
		{F0D1A213-5595-E3F1-6654-CA89B2869171}.Release|Any CPU.Build.0 = Release|Any CPU
		{DCBB0E1C-02C5-E779-F7B3-97FF6E8EA828}.Debug|Any CPU.ActiveCfg = Debug|Any CPU
		{DCBB0E1C-02C5-E779-F7B3-97FF6E8EA828}.Debug|Any CPU.Build.0 = Debug|Any CPU
		{DCBB0E1C-02C5-E779-F7B3-97FF6E8EA828}.Release|Any CPU.ActiveCfg = Release|Any CPU
		{DCBB0E1C-02C5-E779-F7B3-97FF6E8EA828}.Release|Any CPU.Build.0 = Release|Any CPU
	EndGlobalSection
	GlobalSection(SolutionProperties) = preSolution
		HideSolutionNode = FALSE
	EndGlobalSection
EndGlobal
